
Microsoft Visual Studio Solution File, Format Version 12.00
# Visual Studio Version 16
VisualStudioVersion = 16.0.32901.82
MinimumVisualStudioVersion = 10.0.40219.1
Project("{FAE04EC0-301F-11D3-BF4B-00C04F79EFBC}") = "CpmPedidos.Domain", "CpmPedidos.Domain\CpmPedidos.Domain.csproj", "{B337B784-75E9-4679-9218-812D22A5DAA5}"
EndProject
Project("{FAE04EC0-301F-11D3-BF4B-00C04F79EFBC}") = "CpmPedidos.Interface", "CpmPedidos.Interface\CpmPedidos.Interface.csproj", "{8284AD1A-005E-4DC0-AB04-28F08C9EEE7E}"
EndProject
Project("{FAE04EC0-301F-11D3-BF4B-00C04F79EFBC}") = "CpmPedidos.Repositorie", "CpmPedidos.Repositorie\CpmPedidos.Repositorie.csproj", "{B10A73B0-AD83-46C9-BE40-5E123E835DCD}"
EndProject
Project("{FAE04EC0-301F-11D3-BF4B-00C04F79EFBC}") = "CpmPedidos.Api", "CpmPedidos.Api\CpmPedidos.Api.csproj", "{8F1D72B0-1AA1-44BE-A98E-5E2728C0B126}"
EndProject
Global
	GlobalSection(SolutionConfigurationPlatforms) = preSolution
		Debug|Any CPU = Debug|Any CPU
		Release|Any CPU = Release|Any CPU
	EndGlobalSection
	GlobalSection(ProjectConfigurationPlatforms) = postSolution
		{B337B784-75E9-4679-9218-812D22A5DAA5}.Debug|Any CPU.ActiveCfg = Debug|Any CPU
		{B337B784-75E9-4679-9218-812D22A5DAA5}.Debug|Any CPU.Build.0 = Debug|Any CPU
		{B337B784-75E9-4679-9218-812D22A5DAA5}.Release|Any CPU.ActiveCfg = Release|Any CPU
		{B337B784-75E9-4679-9218-812D22A5DAA5}.Release|Any CPU.Build.0 = Release|Any CPU
		{8284AD1A-005E-4DC0-AB04-28F08C9EEE7E}.Debug|Any CPU.ActiveCfg = Debug|Any CPU
		{8284AD1A-005E-4DC0-AB04-28F08C9EEE7E}.Debug|Any CPU.Build.0 = Debug|Any CPU
		{8284AD1A-005E-4DC0-AB04-28F08C9EEE7E}.Release|Any CPU.ActiveCfg = Release|Any CPU
		{8284AD1A-005E-4DC0-AB04-28F08C9EEE7E}.Release|Any CPU.Build.0 = Release|Any CPU
		{B10A73B0-AD83-46C9-BE40-5E123E835DCD}.Debug|Any CPU.ActiveCfg = Debug|Any CPU
		{B10A73B0-AD83-46C9-BE40-5E123E835DCD}.Debug|Any CPU.Build.0 = Debug|Any CPU
		{B10A73B0-AD83-46C9-BE40-5E123E835DCD}.Release|Any CPU.ActiveCfg = Release|Any CPU
		{B10A73B0-AD83-46C9-BE40-5E123E835DCD}.Release|Any CPU.Build.0 = Release|Any CPU
		{8F1D72B0-1AA1-44BE-A98E-5E2728C0B126}.Debug|Any CPU.ActiveCfg = Debug|Any CPU
		{8F1D72B0-1AA1-44BE-A98E-5E2728C0B126}.Debug|Any CPU.Build.0 = Debug|Any CPU
		{8F1D72B0-1AA1-44BE-A98E-5E2728C0B126}.Release|Any CPU.ActiveCfg = Release|Any CPU
		{8F1D72B0-1AA1-44BE-A98E-5E2728C0B126}.Release|Any CPU.Build.0 = Release|Any CPU
	EndGlobalSection
	GlobalSection(SolutionProperties) = preSolution
		HideSolutionNode = FALSE
	EndGlobalSection
	GlobalSection(ExtensibilityGlobals) = postSolution
		SolutionGuid = {F4AF53D2-493F-4D5A-875A-B6141C941BC4}
	EndGlobalSection
EndGlobal
